// !$*UTF8*$!
{
	archiveVersion = 1;
	classes = {
	};
	objectVersion = 46;
	objects = {

/* Begin PBXBuildFile section */
		112E25DF1A595159004CCCF6 /* Foundation.framework in Frameworks */ = {isa = PBXBuildFile; fileRef = 112E25DE1A595159004CCCF6 /* Foundation.framework */; };
		112E25E11A595159004CCCF6 /* CoreGraphics.framework in Frameworks */ = {isa = PBXBuildFile; fileRef = 112E25E01A595159004CCCF6 /* CoreGraphics.framework */; };
		112E25E31A595159004CCCF6 /* UIKit.framework in Frameworks */ = {isa = PBXBuildFile; fileRef = 112E25E21A595159004CCCF6 /* UIKit.framework */; };
		112E25E51A595159004CCCF6 /* CoreData.framework in Frameworks */ = {isa = PBXBuildFile; fileRef = 112E25E41A595159004CCCF6 /* CoreData.framework */; };
		112E25EB1A595159004CCCF6 /* InfoPlist.strings in Resources */ = {isa = PBXBuildFile; fileRef = 112E25E91A595159004CCCF6 /* InfoPlist.strings */; };
		112E25ED1A595159004CCCF6 /* main.m in Sources */ = {isa = PBXBuildFile; fileRef = 112E25EC1A595159004CCCF6 /* main.m */; };
		112E25F11A595159004CCCF6 /* XZZAppDelegate.m in Sources */ = {isa = PBXBuildFile; fileRef = 112E25F01A595159004CCCF6 /* XZZAppDelegate.m */; };
		112E25F41A595159004CCCF6 /* Thousand_Words.xcdatamodeld in Sources */ = {isa = PBXBuildFile; fileRef = 112E25F21A595159004CCCF6 /* Thousand_Words.xcdatamodeld */; };
		112E25F61A595159004CCCF6 /* Images.xcassets in Resources */ = {isa = PBXBuildFile; fileRef = 112E25F51A595159004CCCF6 /* Images.xcassets */; };
		112E25FD1A595159004CCCF6 /* XCTest.framework in Frameworks */ = {isa = PBXBuildFile; fileRef = 112E25FC1A595159004CCCF6 /* XCTest.framework */; };
		112E25FE1A595159004CCCF6 /* Foundation.framework in Frameworks */ = {isa = PBXBuildFile; fileRef = 112E25DE1A595159004CCCF6 /* Foundation.framework */; };
		112E25FF1A595159004CCCF6 /* UIKit.framework in Frameworks */ = {isa = PBXBuildFile; fileRef = 112E25E21A595159004CCCF6 /* UIKit.framework */; };
		112E26001A595159004CCCF6 /* CoreData.framework in Frameworks */ = {isa = PBXBuildFile; fileRef = 112E25E41A595159004CCCF6 /* CoreData.framework */; };
		112E26081A595159004CCCF6 /* InfoPlist.strings in Resources */ = {isa = PBXBuildFile; fileRef = 112E26061A595159004CCCF6 /* InfoPlist.strings */; };
		112E260A1A595159004CCCF6 /* Thousand_WordsTests.m in Sources */ = {isa = PBXBuildFile; fileRef = 112E26091A595159004CCCF6 /* Thousand_WordsTests.m */; };
		112E26141A59675B004CCCF6 /* iPhone_Storyboard.storyboard in Resources */ = {isa = PBXBuildFile; fileRef = 112E26131A59675B004CCCF6 /* iPhone_Storyboard.storyboard */; };
		112E26171A5967FB004CCCF6 /* XZZAlbumTableViewController.m in Sources */ = {isa = PBXBuildFile; fileRef = 112E26161A5967FB004CCCF6 /* XZZAlbumTableViewController.m */; };
		112E261A1A596C9C004CCCF6 /* Album.m in Sources */ = {isa = PBXBuildFile; fileRef = 112E26191A596C9C004CCCF6 /* Album.m */; };
		112E261D1A5A8F4B004CCCF6 /* XZZCoreDataHelper.m in Sources */ = {isa = PBXBuildFile; fileRef = 112E261C1A5A8F4B004CCCF6 /* XZZCoreDataHelper.m */; };
		112E261F1A5ACABF004CCCF6 /* Astronaut.jpg in Resources */ = {isa = PBXBuildFile; fileRef = 112E261E1A5ACABF004CCCF6 /* Astronaut.jpg */; };
		112E26251A5ACC93004CCCF6 /* XZZPhotosCollectionViewController.m in Sources */ = {isa = PBXBuildFile; fileRef = 112E26241A5ACC93004CCCF6 /* XZZPhotosCollectionViewController.m */; };
/* End PBXBuildFile section */

/* Begin PBXContainerItemProxy section */
		112E26011A595159004CCCF6 /* PBXContainerItemProxy */ = {
			isa = PBXContainerItemProxy;
			containerPortal = 112E25D31A595158004CCCF6 /* Project object */;
			proxyType = 1;
			remoteGlobalIDString = 112E25DA1A595159004CCCF6;
			remoteInfo = "Thousand Words";
		};
/* End PBXContainerItemProxy section */

/* Begin PBXFileReference section */
		112E25DB1A595159004CCCF6 /* Thousand Words.app */ = {isa = PBXFileReference; explicitFileType = wrapper.application; includeInIndex = 0; path = "Thousand Words.app"; sourceTree = BUILT_PRODUCTS_DIR; };
		112E25DE1A595159004CCCF6 /* Foundation.framework */ = {isa = PBXFileReference; lastKnownFileType = wrapper.framework; name = Foundation.framework; path = System/Library/Frameworks/Foundation.framework; sourceTree = SDKROOT; };
		112E25E01A595159004CCCF6 /* CoreGraphics.framework */ = {isa = PBXFileReference; lastKnownFileType = wrapper.framework; name = CoreGraphics.framework; path = System/Library/Frameworks/CoreGraphics.framework; sourceTree = SDKROOT; };
		112E25E21A595159004CCCF6 /* UIKit.framework */ = {isa = PBXFileReference; lastKnownFileType = wrapper.framework; name = UIKit.framework; path = System/Library/Frameworks/UIKit.framework; sourceTree = SDKROOT; };
		112E25E41A595159004CCCF6 /* CoreData.framework */ = {isa = PBXFileReference; lastKnownFileType = wrapper.framework; name = CoreData.framework; path = System/Library/Frameworks/CoreData.framework; sourceTree = SDKROOT; };
		112E25E81A595159004CCCF6 /* Thousand Words-Info.plist */ = {isa = PBXFileReference; lastKnownFileType = text.plist.xml; path = "Thousand Words-Info.plist"; sourceTree = "<group>"; };
		112E25EA1A595159004CCCF6 /* en */ = {isa = PBXFileReference; lastKnownFileType = text.plist.strings; name = en; path = en.lproj/InfoPlist.strings; sourceTree = "<group>"; };
		112E25EC1A595159004CCCF6 /* main.m */ = {isa = PBXFileReference; lastKnownFileType = sourcecode.c.objc; path = main.m; sourceTree = "<group>"; };
		112E25EE1A595159004CCCF6 /* Thousand Words-Prefix.pch */ = {isa = PBXFileReference; lastKnownFileType = sourcecode.c.h; path = "Thousand Words-Prefix.pch"; sourceTree = "<group>"; };
		112E25EF1A595159004CCCF6 /* XZZAppDelegate.h */ = {isa = PBXFileReference; lastKnownFileType = sourcecode.c.h; path = XZZAppDelegate.h; sourceTree = "<group>"; };
		112E25F01A595159004CCCF6 /* XZZAppDelegate.m */ = {isa = PBXFileReference; lastKnownFileType = sourcecode.c.objc; path = XZZAppDelegate.m; sourceTree = "<group>"; };
		112E25F31A595159004CCCF6 /* Thousand_Words.xcdatamodel */ = {isa = PBXFileReference; lastKnownFileType = wrapper.xcdatamodel; path = Thousand_Words.xcdatamodel; sourceTree = "<group>"; };
		112E25F51A595159004CCCF6 /* Images.xcassets */ = {isa = PBXFileReference; lastKnownFileType = folder.assetcatalog; path = Images.xcassets; sourceTree = "<group>"; };
		112E25FB1A595159004CCCF6 /* Thousand WordsTests.xctest */ = {isa = PBXFileReference; explicitFileType = wrapper.cfbundle; includeInIndex = 0; path = "Thousand WordsTests.xctest"; sourceTree = BUILT_PRODUCTS_DIR; };
		112E25FC1A595159004CCCF6 /* XCTest.framework */ = {isa = PBXFileReference; lastKnownFileType = wrapper.framework; name = XCTest.framework; path = Library/Frameworks/XCTest.framework; sourceTree = DEVELOPER_DIR; };
		112E26051A595159004CCCF6 /* Thousand WordsTests-Info.plist */ = {isa = PBXFileReference; lastKnownFileType = text.plist.xml; path = "Thousand WordsTests-Info.plist"; sourceTree = "<group>"; };
		112E26071A595159004CCCF6 /* en */ = {isa = PBXFileReference; lastKnownFileType = text.plist.strings; name = en; path = en.lproj/InfoPlist.strings; sourceTree = "<group>"; };
		112E26091A595159004CCCF6 /* Thousand_WordsTests.m */ = {isa = PBXFileReference; lastKnownFileType = sourcecode.c.objc; path = Thousand_WordsTests.m; sourceTree = "<group>"; };
		112E26131A59675B004CCCF6 /* iPhone_Storyboard.storyboard */ = {isa = PBXFileReference; fileEncoding = 4; lastKnownFileType = file.storyboard; path = iPhone_Storyboard.storyboard; sourceTree = "<group>"; };
		112E26151A5967FB004CCCF6 /* XZZAlbumTableViewController.h */ = {isa = PBXFileReference; fileEncoding = 4; lastKnownFileType = sourcecode.c.h; path = XZZAlbumTableViewController.h; sourceTree = "<group>"; };
		112E26161A5967FB004CCCF6 /* XZZAlbumTableViewController.m */ = {isa = PBXFileReference; fileEncoding = 4; lastKnownFileType = sourcecode.c.objc; path = XZZAlbumTableViewController.m; sourceTree = "<group>"; };
		112E26181A596C9C004CCCF6 /* Album.h */ = {isa = PBXFileReference; fileEncoding = 4; lastKnownFileType = sourcecode.c.h; path = Album.h; sourceTree = "<group>"; };
		112E26191A596C9C004CCCF6 /* Album.m */ = {isa = PBXFileReference; fileEncoding = 4; lastKnownFileType = sourcecode.c.objc; path = Album.m; sourceTree = "<group>"; };
		112E261B1A5A8F4B004CCCF6 /* XZZCoreDataHelper.h */ = {isa = PBXFileReference; fileEncoding = 4; lastKnownFileType = sourcecode.c.h; path = XZZCoreDataHelper.h; sourceTree = "<group>"; };
		112E261C1A5A8F4B004CCCF6 /* XZZCoreDataHelper.m */ = {isa = PBXFileReference; fileEncoding = 4; lastKnownFileType = sourcecode.c.objc; path = XZZCoreDataHelper.m; sourceTree = "<group>"; };
		112E261E1A5ACABF004CCCF6 /* Astronaut.jpg */ = {isa = PBXFileReference; lastKnownFileType = image.jpeg; path = Astronaut.jpg; sourceTree = "<group>"; };
		112E26231A5ACC93004CCCF6 /* XZZPhotosCollectionViewController.h */ = {isa = PBXFileReference; fileEncoding = 4; lastKnownFileType = sourcecode.c.h; name = XZZPhotosCollectionViewController.h; path = ../XZZPhotosCollectionViewController.h; sourceTree = "<group>"; };
		112E26241A5ACC93004CCCF6 /* XZZPhotosCollectionViewController.m */ = {isa = PBXFileReference; fileEncoding = 4; lastKnownFileType = sourcecode.c.objc; name = XZZPhotosCollectionViewController.m; path = ../XZZPhotosCollectionViewController.m; sourceTree = "<group>"; };
/* End PBXFileReference section */

/* Begin PBXFrameworksBuildPhase section */
		112E25D81A595159004CCCF6 /* Frameworks */ = {
			isa = PBXFrameworksBuildPhase;
			buildActionMask = 2147483647;
			files = (
				112E25E11A595159004CCCF6 /* CoreGraphics.framework in Frameworks */,
				112E25E51A595159004CCCF6 /* CoreData.framework in Frameworks */,
				112E25E31A595159004CCCF6 /* UIKit.framework in Frameworks */,
				112E25DF1A595159004CCCF6 /* Foundation.framework in Frameworks */,
			);
			runOnlyForDeploymentPostprocessing = 0;
		};
		112E25F81A595159004CCCF6 /* Frameworks */ = {
			isa = PBXFrameworksBuildPhase;
			buildActionMask = 2147483647;
			files = (
				112E25FD1A595159004CCCF6 /* XCTest.framework in Frameworks */,
				112E26001A595159004CCCF6 /* CoreData.framework in Frameworks */,
				112E25FF1A595159004CCCF6 /* UIKit.framework in Frameworks */,
				112E25FE1A595159004CCCF6 /* Foundation.framework in Frameworks */,
			);
			runOnlyForDeploymentPostprocessing = 0;
		};
/* End PBXFrameworksBuildPhase section */

/* Begin PBXGroup section */
		112E25D21A595158004CCCF6 = {
			isa = PBXGroup;
			children = (
				112E25E61A595159004CCCF6 /* Thousand Words */,
				112E26031A595159004CCCF6 /* Thousand WordsTests */,
				112E25DD1A595159004CCCF6 /* Frameworks */,
				112E25DC1A595159004CCCF6 /* Products */,
			);
			sourceTree = "<group>";
		};
		112E25DC1A595159004CCCF6 /* Products */ = {
			isa = PBXGroup;
			children = (
				112E25DB1A595159004CCCF6 /* Thousand Words.app */,
				112E25FB1A595159004CCCF6 /* Thousand WordsTests.xctest */,
			);
			name = Products;
			sourceTree = "<group>";
		};
		112E25DD1A595159004CCCF6 /* Frameworks */ = {
			isa = PBXGroup;
			children = (
				112E25DE1A595159004CCCF6 /* Foundation.framework */,
				112E25E01A595159004CCCF6 /* CoreGraphics.framework */,
				112E25E21A595159004CCCF6 /* UIKit.framework */,
				112E25E41A595159004CCCF6 /* CoreData.framework */,
				112E25FC1A595159004CCCF6 /* XCTest.framework */,
			);
			name = Frameworks;
			sourceTree = "<group>";
		};
		112E25E61A595159004CCCF6 /* Thousand Words */ = {
			isa = PBXGroup;
			children = (
				112E26131A59675B004CCCF6 /* iPhone_Storyboard.storyboard */,
				112E26231A5ACC93004CCCF6 /* XZZPhotosCollectionViewController.h */,
				112E26241A5ACC93004CCCF6 /* XZZPhotosCollectionViewController.m */,
				112E26151A5967FB004CCCF6 /* XZZAlbumTableViewController.h */,
				112E26161A5967FB004CCCF6 /* XZZAlbumTableViewController.m */,
				112E261B1A5A8F4B004CCCF6 /* XZZCoreDataHelper.h */,
				112E261C1A5A8F4B004CCCF6 /* XZZCoreDataHelper.m */,
				112E26181A596C9C004CCCF6 /* Album.h */,
				112E26191A596C9C004CCCF6 /* Album.m */,
				112E25F51A595159004CCCF6 /* Images.xcassets */,
				112E25F21A595159004CCCF6 /* Thousand_Words.xcdatamodeld */,
				112E25E71A595159004CCCF6 /* Supporting Files */,
			);
			path = "Thousand Words";
			sourceTree = "<group>";
		};
		112E25E71A595159004CCCF6 /* Supporting Files */ = {
			isa = PBXGroup;
			children = (
				112E261E1A5ACABF004CCCF6 /* Astronaut.jpg */,
				112E25EF1A595159004CCCF6 /* XZZAppDelegate.h */,
				112E25F01A595159004CCCF6 /* XZZAppDelegate.m */,
				112E25E81A595159004CCCF6 /* Thousand Words-Info.plist */,
				112E25E91A595159004CCCF6 /* InfoPlist.strings */,
				112E25EC1A595159004CCCF6 /* main.m */,
				112E25EE1A595159004CCCF6 /* Thousand Words-Prefix.pch */,
			);
			name = "Supporting Files";
			sourceTree = "<group>";
		};
		112E26031A595159004CCCF6 /* Thousand WordsTests */ = {
			isa = PBXGroup;
			children = (
				112E26091A595159004CCCF6 /* Thousand_WordsTests.m */,
				112E26041A595159004CCCF6 /* Supporting Files */,
			);
			path = "Thousand WordsTests";
			sourceTree = "<group>";
		};
		112E26041A595159004CCCF6 /* Supporting Files */ = {
			isa = PBXGroup;
			children = (
				112E26051A595159004CCCF6 /* Thousand WordsTests-Info.plist */,
				112E26061A595159004CCCF6 /* InfoPlist.strings */,
			);
			name = "Supporting Files";
			sourceTree = "<group>";
		};
/* End PBXGroup section */

/* Begin PBXNativeTarget section */
		112E25DA1A595159004CCCF6 /* Thousand Words */ = {
			isa = PBXNativeTarget;
			buildConfigurationList = 112E260D1A595159004CCCF6 /* Build configuration list for PBXNativeTarget "Thousand Words" */;
			buildPhases = (
				112E25D71A595159004CCCF6 /* Sources */,
				112E25D81A595159004CCCF6 /* Frameworks */,
				112E25D91A595159004CCCF6 /* Resources */,
			);
			buildRules = (
			);
			dependencies = (
			);
			name = "Thousand Words";
			productName = "Thousand Words";
			productReference = 112E25DB1A595159004CCCF6 /* Thousand Words.app */;
			productType = "com.apple.product-type.application";
		};
		112E25FA1A595159004CCCF6 /* Thousand WordsTests */ = {
			isa = PBXNativeTarget;
			buildConfigurationList = 112E26101A595159004CCCF6 /* Build configuration list for PBXNativeTarget "Thousand WordsTests" */;
			buildPhases = (
				112E25F71A595159004CCCF6 /* Sources */,
				112E25F81A595159004CCCF6 /* Frameworks */,
				112E25F91A595159004CCCF6 /* Resources */,
			);
			buildRules = (
			);
			dependencies = (
				112E26021A595159004CCCF6 /* PBXTargetDependency */,
			);
			name = "Thousand WordsTests";
			productName = "Thousand WordsTests";
			productReference = 112E25FB1A595159004CCCF6 /* Thousand WordsTests.xctest */;
			productType = "com.apple.product-type.bundle.unit-test";
		};
/* End PBXNativeTarget section */

/* Begin PBXProject section */
		112E25D31A595158004CCCF6 /* Project object */ = {
			isa = PBXProject;
			attributes = {
				CLASSPREFIX = XZZ;
				LastUpgradeCheck = 0510;
				ORGANIZATIONNAME = 1st1k;
				TargetAttributes = {
					112E25FA1A595159004CCCF6 = {
						TestTargetID = 112E25DA1A595159004CCCF6;
					};
				};
			};
			buildConfigurationList = 112E25D61A595159004CCCF6 /* Build configuration list for PBXProject "Thousand Words" */;
			compatibilityVersion = "Xcode 3.2";
			developmentRegion = English;
			hasScannedForEncodings = 0;
			knownRegions = (
				en,
			);
			mainGroup = 112E25D21A595158004CCCF6;
			productRefGroup = 112E25DC1A595159004CCCF6 /* Products */;
			projectDirPath = "";
			projectRoot = "";
			targets = (
				112E25DA1A595159004CCCF6 /* Thousand Words */,
				112E25FA1A595159004CCCF6 /* Thousand WordsTests */,
			);
		};
/* End PBXProject section */

/* Begin PBXResourcesBuildPhase section */
		112E25D91A595159004CCCF6 /* Resources */ = {
			isa = PBXResourcesBuildPhase;
			buildActionMask = 2147483647;
			files = (
				112E261F1A5ACABF004CCCF6 /* Astronaut.jpg in Resources */,
				112E25EB1A595159004CCCF6 /* InfoPlist.strings in Resources */,
				112E25F61A595159004CCCF6 /* Images.xcassets in Resources */,
				112E26141A59675B004CCCF6 /* iPhone_Storyboard.storyboard in Resources */,
			);
			runOnlyForDeploymentPostprocessing = 0;
		};
		112E25F91A595159004CCCF6 /* Resources */ = {
			isa = PBXResourcesBuildPhase;
			buildActionMask = 2147483647;
			files = (
				112E26081A595159004CCCF6 /* InfoPlist.strings in Resources */,
			);
			runOnlyForDeploymentPostprocessing = 0;
		};
/* End PBXResourcesBuildPhase section */

/* Begin PBXSourcesBuildPhase section */
		112E25D71A595159004CCCF6 /* Sources */ = {
			isa = PBXSourcesBuildPhase;
			buildActionMask = 2147483647;
			files = (
				112E26171A5967FB004CCCF6 /* XZZAlbumTableViewController.m in Sources */,
				112E25ED1A595159004CCCF6 /* main.m in Sources */,
				112E26251A5ACC93004CCCF6 /* XZZPhotosCollectionViewController.m in Sources */,
				112E25F11A595159004CCCF6 /* XZZAppDelegate.m in Sources */,
				112E261D1A5A8F4B004CCCF6 /* XZZCoreDataHelper.m in Sources */,
				112E261A1A596C9C004CCCF6 /* Album.m in Sources */,
				112E25F41A595159004CCCF6 /* Thousand_Words.xcdatamodeld in Sources */,
			);
			runOnlyForDeploymentPostprocessing = 0;
		};
		112E25F71A595159004CCCF6 /* Sources */ = {
			isa = PBXSourcesBuildPhase;
			buildActionMask = 2147483647;
			files = (
				112E260A1A595159004CCCF6 /* Thousand_WordsTests.m in Sources */,
			);
			runOnlyForDeploymentPostprocessing = 0;
		};
/* End PBXSourcesBuildPhase section */

/* Begin PBXTargetDependency section */
		112E26021A595159004CCCF6 /* PBXTargetDependency */ = {
			isa = PBXTargetDependency;
			target = 112E25DA1A595159004CCCF6 /* Thousand Words */;
			targetProxy = 112E26011A595159004CCCF6 /* PBXContainerItemProxy */;
		};
/* End PBXTargetDependency section */

/* Begin PBXVariantGroup section */
		112E25E91A595159004CCCF6 /* InfoPlist.strings */ = {
			isa = PBXVariantGroup;
			children = (
				112E25EA1A595159004CCCF6 /* en */,
			);
			name = InfoPlist.strings;
			sourceTree = "<group>";
		};
		112E26061A595159004CCCF6 /* InfoPlist.strings */ = {
			isa = PBXVariantGroup;
			children = (
				112E26071A595159004CCCF6 /* en */,
			);
			name = InfoPlist.strings;
			sourceTree = "<group>";
		};
/* End PBXVariantGroup section */

/* Begin XCBuildConfiguration section */
		112E260B1A595159004CCCF6 /* Debug */ = {
			isa = XCBuildConfiguration;
			buildSettings = {
				ALWAYS_SEARCH_USER_PATHS = NO;
				CLANG_CXX_LANGUAGE_STANDARD = "gnu++0x";
				CLANG_CXX_LIBRARY = "libc++";
				CLANG_ENABLE_MODULES = YES;
				CLANG_ENABLE_OBJC_ARC = YES;
				CLANG_WARN_BOOL_CONVERSION = YES;
				CLANG_WARN_CONSTANT_CONVERSION = YES;
				CLANG_WARN_DIRECT_OBJC_ISA_USAGE = YES_ERROR;
				CLANG_WARN_EMPTY_BODY = YES;
				CLANG_WARN_ENUM_CONVERSION = YES;
				CLANG_WARN_INT_CONVERSION = YES;
				CLANG_WARN_OBJC_ROOT_CLASS = YES_ERROR;
				CLANG_WARN__DUPLICATE_METHOD_MATCH = YES;
				"CODE_SIGN_IDENTITY[sdk=iphoneos*]" = "iPhone Developer";
				COPY_PHASE_STRIP = NO;
				GCC_C_LANGUAGE_STANDARD = gnu99;
				GCC_DYNAMIC_NO_PIC = NO;
				GCC_OPTIMIZATION_LEVEL = 0;
				GCC_PREPROCESSOR_DEFINITIONS = (
					"DEBUG=1",
					"$(inherited)",
				);
				GCC_SYMBOLS_PRIVATE_EXTERN = NO;
				GCC_WARN_64_TO_32_BIT_CONVERSION = YES;
				GCC_WARN_ABOUT_RETURN_TYPE = YES_ERROR;
				GCC_WARN_UNDECLARED_SELECTOR = YES;
				GCC_WARN_UNINITIALIZED_AUTOS = YES_AGGRESSIVE;
				GCC_WARN_UNUSED_FUNCTION = YES;
				GCC_WARN_UNUSED_VARIABLE = YES;
				IPHONEOS_DEPLOYMENT_TARGET = 7.1;
				ONLY_ACTIVE_ARCH = YES;
				SDKROOT = iphoneos;
				TARGETED_DEVICE_FAMILY = "1,2";
			};
			name = Debug;
		};
		112E260C1A595159004CCCF6 /* Release */ = {
			isa = XCBuildConfiguration;
			buildSettings = {
				ALWAYS_SEARCH_USER_PATHS = NO;
				CLANG_CXX_LANGUAGE_STANDARD = "gnu++0x";
				CLANG_CXX_LIBRARY = "libc++";
				CLANG_ENABLE_MODULES = YES;
				CLANG_ENABLE_OBJC_ARC = YES;
				CLANG_WARN_BOOL_CONVERSION = YES;
				CLANG_WARN_CONSTANT_CONVERSION = YES;
				CLANG_WARN_DIRECT_OBJC_ISA_USAGE = YES_ERROR;
				CLANG_WARN_EMPTY_BODY = YES;
				CLANG_WARN_ENUM_CONVERSION = YES;
				CLANG_WARN_INT_CONVERSION = YES;
				CLANG_WARN_OBJC_ROOT_CLASS = YES_ERROR;
				CLANG_WARN__DUPLICATE_METHOD_MATCH = YES;
				"CODE_SIGN_IDENTITY[sdk=iphoneos*]" = "iPhone Developer";
				COPY_PHASE_STRIP = YES;
				ENABLE_NS_ASSERTIONS = NO;
				GCC_C_LANGUAGE_STANDARD = gnu99;
				GCC_WARN_64_TO_32_BIT_CONVERSION = YES;
				GCC_WARN_ABOUT_RETURN_TYPE = YES_ERROR;
				GCC_WARN_UNDECLARED_SELECTOR = YES;
				GCC_WARN_UNINITIALIZED_AUTOS = YES_AGGRESSIVE;
				GCC_WARN_UNUSED_FUNCTION = YES;
				GCC_WARN_UNUSED_VARIABLE = YES;
				IPHONEOS_DEPLOYMENT_TARGET = 7.1;
				SDKROOT = iphoneos;
				TARGETED_DEVICE_FAMILY = "1,2";
				VALIDATE_PRODUCT = YES;
			};
			name = Release;
		};
		112E260E1A595159004CCCF6 /* Debug */ = {
			isa = XCBuildConfiguration;
			buildSettings = {
				ASSETCATALOG_COMPILER_APPICON_NAME = AppIcon;
				ASSETCATALOG_COMPILER_LAUNCHIMAGE_NAME = LaunchImage;
				GCC_PRECOMPILE_PREFIX_HEADER = YES;
				GCC_PREFIX_HEADER = "Thousand Words/Thousand Words-Prefix.pch";
				INFOPLIST_FILE = "Thousand Words/Thousand Words-Info.plist";
				PRODUCT_NAME = "$(TARGET_NAME)";
				WRAPPER_EXTENSION = app;
			};
			name = Debug;
		};
		112E260F1A595159004CCCF6 /* Release */ = {
			isa = XCBuildConfiguration;
			buildSettings = {
				ASSETCATALOG_COMPILER_APPICON_NAME = AppIcon;
				ASSETCATALOG_COMPILER_LAUNCHIMAGE_NAME = LaunchImage;
				GCC_PRECOMPILE_PREFIX_HEADER = YES;
				GCC_PREFIX_HEADER = "Thousand Words/Thousand Words-Prefix.pch";
				INFOPLIST_FILE = "Thousand Words/Thousand Words-Info.plist";
				PRODUCT_NAME = "$(TARGET_NAME)";
				WRAPPER_EXTENSION = app;
			};
			name = Release;
		};
		112E26111A595159004CCCF6 /* Debug */ = {
			isa = XCBuildConfiguration;
			buildSettings = {
				BUNDLE_LOADER = "$(BUILT_PRODUCTS_DIR)/Thousand Words.app/Thousand Words";
				FRAMEWORK_SEARCH_PATHS = (
					"$(SDKROOT)/Developer/Library/Frameworks",
					"$(inherited)",
					"$(DEVELOPER_FRAMEWORKS_DIR)",
				);
				GCC_PRECOMPILE_PREFIX_HEADER = YES;
				GCC_PREFIX_HEADER = "Thousand Words/Thousand Words-Prefix.pch";
				GCC_PREPROCESSOR_DEFINITIONS = (
					"DEBUG=1",
					"$(inherited)",
				);
				INFOPLIST_FILE = "Thousand WordsTests/Thousand WordsTests-Info.plist";
				PRODUCT_NAME = "$(TARGET_NAME)";
				TEST_HOST = "$(BUNDLE_LOADER)";
				WRAPPER_EXTENSION = xctest;
			};
			name = Debug;
		};
		112E26121A595159004CCCF6 /* Release */ = {
			isa = XCBuildConfiguration;
			buildSettings = {
				BUNDLE_LOADER = "$(BUILT_PRODUCTS_DIR)/Thousand Words.app/Thousand Words";
				FRAMEWORK_SEARCH_PATHS = (
					"$(SDKROOT)/Developer/Library/Frameworks",
					"$(inherited)",
					"$(DEVELOPER_FRAMEWORKS_DIR)",
				);
				GCC_PRECOMPILE_PREFIX_HEADER = YES;
				GCC_PREFIX_HEADER = "Thousand Words/Thousand Words-Prefix.pch";
				INFOPLIST_FILE = "Thousand WordsTests/Thousand WordsTests-Info.plist";
				PRODUCT_NAME = "$(TARGET_NAME)";
				TEST_HOST = "$(BUNDLE_LOADER)";
				WRAPPER_EXTENSION = xctest;
			};
			name = Release;
		};
/* End XCBuildConfiguration section */

/* Begin XCConfigurationList section */
		112E25D61A595159004CCCF6 /* Build configuration list for PBXProject "Thousand Words" */ = {
			isa = XCConfigurationList;
			buildConfigurations = (
				112E260B1A595159004CCCF6 /* Debug */,
				112E260C1A595159004CCCF6 /* Release */,
			);
			defaultConfigurationIsVisible = 0;
			defaultConfigurationName = Release;
		};
		112E260D1A595159004CCCF6 /* Build configuration list for PBXNativeTarget "Thousand Words" */ = {
			isa = XCConfigurationList;
			buildConfigurations = (
				112E260E1A595159004CCCF6 /* Debug */,
				112E260F1A595159004CCCF6 /* Release */,
			);
			defaultConfigurationIsVisible = 0;
		};
		112E26101A595159004CCCF6 /* Build configuration list for PBXNativeTarget "Thousand WordsTests" */ = {
			isa = XCConfigurationList;
			buildConfigurations = (
				112E26111A595159004CCCF6 /* Debug */,
				112E26121A595159004CCCF6 /* Release */,
			);
			defaultConfigurationIsVisible = 0;
		};
/* End XCConfigurationList section */

/* Begin XCVersionGroup section */
		112E25F21A595159004CCCF6 /* Thousand_Words.xcdatamodeld */ = {
			isa = XCVersionGroup;
			children = (
				112E25F31A595159004CCCF6 /* Thousand_Words.xcdatamodel */,
			);
			currentVersion = 112E25F31A595159004CCCF6 /* Thousand_Words.xcdatamodel */;
			path = Thousand_Words.xcdatamodeld;
			sourceTree = "<group>";
			versionGroupType = wrapper.xcdatamodel;
		};
/* End XCVersionGroup section */
	};
	rootObject = 112E25D31A595158004CCCF6 /* Project object */;
}
